
Microsoft Visual Studio Solution File, Format Version 12.00
# Visual Studio Version 16
VisualStudioVersion = 16.0.33927.289
MinimumVisualStudioVersion = 10.0.40219.1
Project("{FAE04EC0-301F-11D3-BF4B-00C04F79EFBC}") = "Tyuiu.KarpovAA.Sprint1.Task0.V11", "Tyuiu.KarpovAA.Sprint1.Task0.V11\Tyuiu.KarpovAA.Sprint1.Task0.V11.csproj", "{40E7D1B1-6B57-49E5-A36F-BC9725C08F02}"
EndProject
Project("{FAE04EC0-301F-11D3-BF4B-00C04F79EFBC}") = "Tyuiu.KarpovAA.Sprint1.Task0.V11.Lib", "Tyuiu.KarpovAA.Sprint1.Task0.V11.Lib\Tyuiu.KarpovAA.Sprint1.Task0.V11.Lib.csproj", "{ACD60DF8-46A3-43BC-BCE8-214A0333CA93}"
EndProject
Project("{FAE04EC0-301F-11D3-BF4B-00C04F79EFBC}") = "Tyuiu.KarpovAA.Sprint1.Task0.V11.Test", "Tyuiu.KarpovAA.Sprint1.Task0.V11.Test\Tyuiu.KarpovAA.Sprint1.Task0.V11.Test.csproj", "{7D17B771-7647-4B27-B474-FB4C33BE820C}"
EndProject
Project("{2150E333-8FDC-42A3-9474-1A3956D46DE8}") = "Task0", "Task0", "{B5FA501F-4D30-43DD-95F0-A28AB4E33D68}"
EndProject
Project("{2150E333-8FDC-42A3-9474-1A3956D46DE8}") = "Task1", "Task1", "{B19EFEE3-D9AE-4CC7-BF46-23EFBFF7E877}"
EndProject
Project("{FAE04EC0-301F-11D3-BF4B-00C04F79EFBC}") = "Tyuiu.KarpovAA.Sprint1.Task1.V1", "Tyuiu.KarpovAA.Sprint1.Task1.V1\Tyuiu.KarpovAA.Sprint1.Task1.V1.csproj", "{0B5F9617-0F7B-485B-9469-1427F926DE89}"
EndProject
Project("{FAE04EC0-301F-11D3-BF4B-00C04F79EFBC}") = "Tyuiu.KarpovAA.Sprint1.Task1.V1.Lib", "Tyuiu.KarpovAA.Sprint1.Task1.V1.Lib\Tyuiu.KarpovAA.Sprint1.Task1.V1.Lib.csproj", "{FA06A7BA-7935-47D2-AD34-ABAD596147B5}"
EndProject
Project("{FAE04EC0-301F-11D3-BF4B-00C04F79EFBC}") = "Tyuiu.KarpovAA.Sprint1.Task1.V1.Test", "Tyuiu.KarpovAA.Sprint1.Task1.V1.Test\Tyuiu.KarpovAA.Sprint1.Task1.V1.Test.csproj", "{0C488D57-2557-4E5E-AF59-3D7C401D66D0}"
EndProject
Project("{2150E333-8FDC-42A3-9474-1A3956D46DE8}") = "Task2", "Task2", "{3C77B70D-3AE4-4B7E-AA4C-CDA9E7A45F60}"
EndProject
Project("{FAE04EC0-301F-11D3-BF4B-00C04F79EFBC}") = "Tyuiu.KarpovAA.Sprint1.Tak2.V19", "Tyuiu.KarpovAA.Sprint1.Tak2.V19\Tyuiu.KarpovAA.Sprint1.Tak2.V19.csproj", "{A9803392-7EFF-4C2F-8235-4621A1A49C8A}"
EndProject
Project("{FAE04EC0-301F-11D3-BF4B-00C04F79EFBC}") = "Tyuiu.KarpovAA.Sprint1.Task2.V19.Lib", "Tyuiu.KarpovAA.Sprint1.Task2.V19.Lib\Tyuiu.KarpovAA.Sprint1.Task2.V19.Lib.csproj", "{1A7FABCE-0A81-454F-8D19-7BD537862FC9}"
EndProject
Project("{FAE04EC0-301F-11D3-BF4B-00C04F79EFBC}") = "Tyuiu.KarpovAA.Sprint1.Task2.V19.Test", "Tyuiu.KarpovAA.Sprint1.Task2.V19.Test\Tyuiu.KarpovAA.Sprint1.Task2.V19.Test.csproj", "{BEBC2554-98FA-4A07-8998-1AED55CDC851}"
EndProject
Global
	GlobalSection(SolutionConfigurationPlatforms) = preSolution
		Debug|Any CPU = Debug|Any CPU
		Release|Any CPU = Release|Any CPU
	EndGlobalSection
	GlobalSection(ProjectConfigurationPlatforms) = postSolution
		{40E7D1B1-6B57-49E5-A36F-BC9725C08F02}.Debug|Any CPU.ActiveCfg = Debug|Any CPU
		{40E7D1B1-6B57-49E5-A36F-BC9725C08F02}.Debug|Any CPU.Build.0 = Debug|Any CPU
		{40E7D1B1-6B57-49E5-A36F-BC9725C08F02}.Release|Any CPU.ActiveCfg = Release|Any CPU
		{40E7D1B1-6B57-49E5-A36F-BC9725C08F02}.Release|Any CPU.Build.0 = Release|Any CPU
		{ACD60DF8-46A3-43BC-BCE8-214A0333CA93}.Debug|Any CPU.ActiveCfg = Debug|Any CPU
		{ACD60DF8-46A3-43BC-BCE8-214A0333CA93}.Debug|Any CPU.Build.0 = Debug|Any CPU
		{ACD60DF8-46A3-43BC-BCE8-214A0333CA93}.Release|Any CPU.ActiveCfg = Release|Any CPU
		{ACD60DF8-46A3-43BC-BCE8-214A0333CA93}.Release|Any CPU.Build.0 = Release|Any CPU
		{7D17B771-7647-4B27-B474-FB4C33BE820C}.Debug|Any CPU.ActiveCfg = Debug|Any CPU
		{7D17B771-7647-4B27-B474-FB4C33BE820C}.Debug|Any CPU.Build.0 = Debug|Any CPU
		{7D17B771-7647-4B27-B474-FB4C33BE820C}.Release|Any CPU.ActiveCfg = Release|Any CPU
		{7D17B771-7647-4B27-B474-FB4C33BE820C}.Release|Any CPU.Build.0 = Release|Any CPU
		{0B5F9617-0F7B-485B-9469-1427F926DE89}.Debug|Any CPU.ActiveCfg = Debug|Any CPU
		{0B5F9617-0F7B-485B-9469-1427F926DE89}.Debug|Any CPU.Build.0 = Debug|Any CPU
		{0B5F9617-0F7B-485B-9469-1427F926DE89}.Release|Any CPU.ActiveCfg = Release|Any CPU
		{0B5F9617-0F7B-485B-9469-1427F926DE89}.Release|Any CPU.Build.0 = Release|Any CPU
		{FA06A7BA-7935-47D2-AD34-ABAD596147B5}.Debug|Any CPU.ActiveCfg = Debug|Any CPU
		{FA06A7BA-7935-47D2-AD34-ABAD596147B5}.Debug|Any CPU.Build.0 = Debug|Any CPU
		{FA06A7BA-7935-47D2-AD34-ABAD596147B5}.Release|Any CPU.ActiveCfg = Release|Any CPU
		{FA06A7BA-7935-47D2-AD34-ABAD596147B5}.Release|Any CPU.Build.0 = Release|Any CPU
		{0C488D57-2557-4E5E-AF59-3D7C401D66D0}.Debug|Any CPU.ActiveCfg = Debug|Any CPU
		{0C488D57-2557-4E5E-AF59-3D7C401D66D0}.Debug|Any CPU.Build.0 = Debug|Any CPU
		{0C488D57-2557-4E5E-AF59-3D7C401D66D0}.Release|Any CPU.ActiveCfg = Release|Any CPU
		{0C488D57-2557-4E5E-AF59-3D7C401D66D0}.Release|Any CPU.Build.0 = Release|Any CPU
		{A9803392-7EFF-4C2F-8235-4621A1A49C8A}.Debug|Any CPU.ActiveCfg = Debug|Any CPU
		{A9803392-7EFF-4C2F-8235-4621A1A49C8A}.Debug|Any CPU.Build.0 = Debug|Any CPU
		{A9803392-7EFF-4C2F-8235-4621A1A49C8A}.Release|Any CPU.ActiveCfg = Release|Any CPU
		{A9803392-7EFF-4C2F-8235-4621A1A49C8A}.Release|Any CPU.Build.0 = Release|Any CPU
		{1A7FABCE-0A81-454F-8D19-7BD537862FC9}.Debug|Any CPU.ActiveCfg = Debug|Any CPU
		{1A7FABCE-0A81-454F-8D19-7BD537862FC9}.Debug|Any CPU.Build.0 = Debug|Any CPU
		{1A7FABCE-0A81-454F-8D19-7BD537862FC9}.Release|Any CPU.ActiveCfg = Release|Any CPU
		{1A7FABCE-0A81-454F-8D19-7BD537862FC9}.Release|Any CPU.Build.0 = Release|Any CPU
		{BEBC2554-98FA-4A07-8998-1AED55CDC851}.Debug|Any CPU.ActiveCfg = Debug|Any CPU
		{BEBC2554-98FA-4A07-8998-1AED55CDC851}.Debug|Any CPU.Build.0 = Debug|Any CPU
		{BEBC2554-98FA-4A07-8998-1AED55CDC851}.Release|Any CPU.ActiveCfg = Release|Any CPU
		{BEBC2554-98FA-4A07-8998-1AED55CDC851}.Release|Any CPU.Build.0 = Release|Any CPU
	EndGlobalSection
	GlobalSection(SolutionProperties) = preSolution
		HideSolutionNode = FALSE
	EndGlobalSection
	GlobalSection(NestedProjects) = preSolution
		{40E7D1B1-6B57-49E5-A36F-BC9725C08F02} = {B5FA501F-4D30-43DD-95F0-A28AB4E33D68}
		{ACD60DF8-46A3-43BC-BCE8-214A0333CA93} = {B5FA501F-4D30-43DD-95F0-A28AB4E33D68}
		{7D17B771-7647-4B27-B474-FB4C33BE820C} = {B5FA501F-4D30-43DD-95F0-A28AB4E33D68}
		{0B5F9617-0F7B-485B-9469-1427F926DE89} = {B19EFEE3-D9AE-4CC7-BF46-23EFBFF7E877}
		{FA06A7BA-7935-47D2-AD34-ABAD596147B5} = {B19EFEE3-D9AE-4CC7-BF46-23EFBFF7E877}
		{0C488D57-2557-4E5E-AF59-3D7C401D66D0} = {B19EFEE3-D9AE-4CC7-BF46-23EFBFF7E877}
		{A9803392-7EFF-4C2F-8235-4621A1A49C8A} = {3C77B70D-3AE4-4B7E-AA4C-CDA9E7A45F60}
		{1A7FABCE-0A81-454F-8D19-7BD537862FC9} = {3C77B70D-3AE4-4B7E-AA4C-CDA9E7A45F60}
		{BEBC2554-98FA-4A07-8998-1AED55CDC851} = {3C77B70D-3AE4-4B7E-AA4C-CDA9E7A45F60}
	EndGlobalSection
	GlobalSection(ExtensibilityGlobals) = postSolution
		SolutionGuid = {F34F74D0-88B5-4076-8C60-03D45823272C}
	EndGlobalSection
EndGlobal
