
Microsoft Visual Studio Solution File, Format Version 12.00
# Visual Studio Version 16
VisualStudioVersion = 16.0.33927.289
MinimumVisualStudioVersion = 10.0.40219.1
Project("{FAE04EC0-301F-11D3-BF4B-00C04F79EFBC}") = "Tyuiu.KarpovAA.Sprint1.Task0.V11", "Tyuiu.KarpovAA.Sprint1.Task0.V11\Tyuiu.KarpovAA.Sprint1.Task0.V11.csproj", "{40E7D1B1-6B57-49E5-A36F-BC9725C08F02}"
EndProject
Project("{FAE04EC0-301F-11D3-BF4B-00C04F79EFBC}") = "Tyuiu.KarpovAA.Sprint1.Task0.V11.Lib", "Tyuiu.KarpovAA.Sprint1.Task0.V11.Lib\Tyuiu.KarpovAA.Sprint1.Task0.V11.Lib.csproj", "{ACD60DF8-46A3-43BC-BCE8-214A0333CA93}"
EndProject
Project("{FAE04EC0-301F-11D3-BF4B-00C04F79EFBC}") = "Tyuiu.KarpovAA.Sprint1.Task0.V11.Test", "Tyuiu.KarpovAA.Sprint1.Task0.V11.Test\Tyuiu.KarpovAA.Sprint1.Task0.V11.Test.csproj", "{7D17B771-7647-4B27-B474-FB4C33BE820C}"
EndProject
Project("{2150E333-8FDC-42A3-9474-1A3956D46DE8}") = "Task0", "Task0", "{B5FA501F-4D30-43DD-95F0-A28AB4E33D68}"
EndProject
Project("{2150E333-8FDC-42A3-9474-1A3956D46DE8}") = "Task1", "Task1", "{B19EFEE3-D9AE-4CC7-BF46-23EFBFF7E877}"
EndProject
Project("{FAE04EC0-301F-11D3-BF4B-00C04F79EFBC}") = "Tyuiu.KarpovAA.Sprint1.Task1.V1", "Tyuiu.KarpovAA.Sprint1.Task1.V1\Tyuiu.KarpovAA.Sprint1.Task1.V1.csproj", "{0B5F9617-0F7B-485B-9469-1427F926DE89}"
EndProject
Project("{FAE04EC0-301F-11D3-BF4B-00C04F79EFBC}") = "Tyuiu.KarpovAA.Sprint1.Task1.V1.Lib", "Tyuiu.KarpovAA.Sprint1.Task1.V1.Lib\Tyuiu.KarpovAA.Sprint1.Task1.V1.Lib.csproj", "{FA06A7BA-7935-47D2-AD34-ABAD596147B5}"
EndProject
Project("{FAE04EC0-301F-11D3-BF4B-00C04F79EFBC}") = "Tyuiu.KarpovAA.Sprint1.Task1.V1.Test", "Tyuiu.KarpovAA.Sprint1.Task1.V1.Test\Tyuiu.KarpovAA.Sprint1.Task1.V1.Test.csproj", "{0C488D57-2557-4E5E-AF59-3D7C401D66D0}"
EndProject
Project("{2150E333-8FDC-42A3-9474-1A3956D46DE8}") = "Task2", "Task2", "{3C77B70D-3AE4-4B7E-AA4C-CDA9E7A45F60}"
EndProject
Project("{FAE04EC0-301F-11D3-BF4B-00C04F79EFBC}") = "Tyuiu.KarpovAA.Sprint1.Tak2.V19", "Tyuiu.KarpovAA.Sprint1.Tak2.V19\Tyuiu.KarpovAA.Sprint1.Tak2.V19.csproj", "{A9803392-7EFF-4C2F-8235-4621A1A49C8A}"
EndProject
Project("{FAE04EC0-301F-11D3-BF4B-00C04F79EFBC}") = "Tyuiu.KarpovAA.Sprint1.Task2.V19.Lib", "Tyuiu.KarpovAA.Sprint1.Task2.V19.Lib\Tyuiu.KarpovAA.Sprint1.Task2.V19.Lib.csproj", "{1A7FABCE-0A81-454F-8D19-7BD537862FC9}"
EndProject
Project("{FAE04EC0-301F-11D3-BF4B-00C04F79EFBC}") = "Tyuiu.KarpovAA.Sprint1.Task2.V19.Test", "Tyuiu.KarpovAA.Sprint1.Task2.V19.Test\Tyuiu.KarpovAA.Sprint1.Task2.V19.Test.csproj", "{BEBC2554-98FA-4A07-8998-1AED55CDC851}"
EndProject
Project("{2150E333-8FDC-42A3-9474-1A3956D46DE8}") = "Task3", "Task3", "{43276FED-1B53-4B36-91CA-396957597F64}"
EndProject
Project("{FAE04EC0-301F-11D3-BF4B-00C04F79EFBC}") = "Tyuiu.KarpovAA.Sprint1.Task3.V1", "Tyuiu.KarpovAA.Sprint1.Task3.V1\Tyuiu.KarpovAA.Sprint1.Task3.V1.csproj", "{4CD6B414-6736-41B2-9DF7-D5A4EA2DFF77}"
EndProject
Project("{FAE04EC0-301F-11D3-BF4B-00C04F79EFBC}") = "Tyuiu.KarpovAA.Sprint1.Task3.V1.Lib", "Tyuiu.KarpovAA.Sprint1.Task3.V1.Lib\Tyuiu.KarpovAA.Sprint1.Task3.V1.Lib.csproj", "{B4712FB4-4641-4487-8692-5AD187897BE9}"
EndProject
Project("{FAE04EC0-301F-11D3-BF4B-00C04F79EFBC}") = "Tyuiu.KarpovAA.Sprint1.Task3.V1.Test", "Tyuiu.KarpovAA.Sprint1.Task3.V1.Test\Tyuiu.KarpovAA.Sprint1.Task3.V1.Test.csproj", "{62BABA9E-8884-4ED2-86B5-4E2CF5D1F880}"
EndProject
Project("{2150E333-8FDC-42A3-9474-1A3956D46DE8}") = "Task4", "Task4", "{626351CC-A641-48C8-AB77-BCC9DEA0A51A}"
EndProject
Project("{FAE04EC0-301F-11D3-BF4B-00C04F79EFBC}") = "Tyuiu.KarpovAA.Sprint1.Task4.V26", "Tyuiu.KarpovAA.Sprint1.Task4.V26\Tyuiu.KarpovAA.Sprint1.Task4.V26.csproj", "{A3980264-E5F2-4B1C-BD5E-D57A6FBD65B4}"
EndProject
Project("{FAE04EC0-301F-11D3-BF4B-00C04F79EFBC}") = "Tyuiu.KarpovAA.Sprint1.Task4.V26.Lib", "Tyuiu.KarpovAA.Sprint1.Task4.V26.Lib\Tyuiu.KarpovAA.Sprint1.Task4.V26.Lib.csproj", "{DCF93D7F-3003-455B-B79A-ED41075E8FFE}"
EndProject
Project("{FAE04EC0-301F-11D3-BF4B-00C04F79EFBC}") = "Tyuiu.KarpovAA.Sprint1.Task4.V26.Test", "Tyuiu.KarpovAA.Sprint1.Task4.V26.Test\Tyuiu.KarpovAA.Sprint1.Task4.V26.Test.csproj", "{F131AD26-416A-4DEE-97FD-360868590A07}"
EndProject
Project("{2150E333-8FDC-42A3-9474-1A3956D46DE8}") = "Task5", "Task5", "{52BCA46F-41A4-446C-94CF-197AF6A2D03E}"
EndProject
Project("{FAE04EC0-301F-11D3-BF4B-00C04F79EFBC}") = "Tyuiu.KarpovAA.Sprint1.Task5.V2", "Tyuiu.KarpovAA.Sprint1.Task5.V2\Tyuiu.KarpovAA.Sprint1.Task5.V2.csproj", "{0D1A0303-DB0A-44C0-AAAF-DAA0CA6C9CFD}"
EndProject
Project("{FAE04EC0-301F-11D3-BF4B-00C04F79EFBC}") = "Tyuiu.KarpovAA.Sprint1.Task5.V2.Lib", "Tyuiu.KarpovAA.Sprint1.Task5.V2.Lib\Tyuiu.KarpovAA.Sprint1.Task5.V2.Lib.csproj", "{8F96E08C-7D82-41F1-BDCB-42E0FF382CDC}"
EndProject
Project("{FAE04EC0-301F-11D3-BF4B-00C04F79EFBC}") = "Tyuiu.KarpovAA.Sprint1.Task5.V2.Test", "Tyuiu.KarpovAA.Sprint1.Task5.V2.Test\Tyuiu.KarpovAA.Sprint1.Task5.V2.Test.csproj", "{7BC11AFC-58E3-488D-8113-7F0F6103026F}"
EndProject
Project("{2150E333-8FDC-42A3-9474-1A3956D46DE8}") = "Task6", "Task6", "{5F635FCD-3262-4070-9E2E-A5B408B44A7E}"
EndProject
Project("{FAE04EC0-301F-11D3-BF4B-00C04F79EFBC}") = "Tyuiu.KarpovAA.Sprint1.Task6.V18", "Tyuiu.KarpovAA.Sprint1.Task6.V18\Tyuiu.KarpovAA.Sprint1.Task6.V18.csproj", "{3D362CEF-C66F-4528-8FB4-6D9EFA337C7F}"
EndProject
Project("{FAE04EC0-301F-11D3-BF4B-00C04F79EFBC}") = "Tyuiu.KarpovAA.Sprint1.Task6.V18.Lib", "Tyuiu.KarpovAA.Sprint1.Task6.V18.Lib\Tyuiu.KarpovAA.Sprint1.Task6.V18.Lib.csproj", "{9959683B-A1B1-45AD-8689-565468897410}"
EndProject
Project("{FAE04EC0-301F-11D3-BF4B-00C04F79EFBC}") = "Tyuiu.KarpovAA.Sprint1.Task6.V18.Test", "Tyuiu.KarpovAA.Sprint1.Task6.V18.Test\Tyuiu.KarpovAA.Sprint1.Task6.V18.Test.csproj", "{9A6C9548-DBA7-4E09-98C3-4CC91F234660}"
EndProject
Project("{2150E333-8FDC-42A3-9474-1A3956D46DE8}") = "Task7", "Task7", "{9753A77D-5162-4D72-9D88-08F34DA7984D}"
EndProject
Project("{FAE04EC0-301F-11D3-BF4B-00C04F79EFBC}") = "Tyuiu.KarpovAA.Sprint1.Task7.V27", "Tyuiu.KarpovAA.Sprint1.Task7.V27\Tyuiu.KarpovAA.Sprint1.Task7.V27.csproj", "{CB072554-955C-4645-996F-8617395BE148}"
EndProject
Project("{FAE04EC0-301F-11D3-BF4B-00C04F79EFBC}") = "Tyuiu.KarpovAA.Sprint1.Task7.V27.Lib", "Tyuiu.KarpovAA.Sprint1.Task7.V27.Lib\Tyuiu.KarpovAA.Sprint1.Task7.V27.Lib.csproj", "{8CCD686E-51DB-4C9C-8902-F1255361B0EB}"
EndProject
Project("{FAE04EC0-301F-11D3-BF4B-00C04F79EFBC}") = "Tyuiu.KarpovAA.Sprint1.Task7.V27.Test", "Tyuiu.KarpovAA.Sprint1.Task7.V27.Test\Tyuiu.KarpovAA.Sprint1.Task7.V27.Test.csproj", "{CAF1B8DE-1871-438D-B4FB-D03CCD6D400E}"
EndProject
Global
	GlobalSection(SolutionConfigurationPlatforms) = preSolution
		Debug|Any CPU = Debug|Any CPU
		Release|Any CPU = Release|Any CPU
	EndGlobalSection
	GlobalSection(ProjectConfigurationPlatforms) = postSolution
		{40E7D1B1-6B57-49E5-A36F-BC9725C08F02}.Debug|Any CPU.ActiveCfg = Debug|Any CPU
		{40E7D1B1-6B57-49E5-A36F-BC9725C08F02}.Debug|Any CPU.Build.0 = Debug|Any CPU
		{40E7D1B1-6B57-49E5-A36F-BC9725C08F02}.Release|Any CPU.ActiveCfg = Release|Any CPU
		{40E7D1B1-6B57-49E5-A36F-BC9725C08F02}.Release|Any CPU.Build.0 = Release|Any CPU
		{ACD60DF8-46A3-43BC-BCE8-214A0333CA93}.Debug|Any CPU.ActiveCfg = Debug|Any CPU
		{ACD60DF8-46A3-43BC-BCE8-214A0333CA93}.Debug|Any CPU.Build.0 = Debug|Any CPU
		{ACD60DF8-46A3-43BC-BCE8-214A0333CA93}.Release|Any CPU.ActiveCfg = Release|Any CPU
		{ACD60DF8-46A3-43BC-BCE8-214A0333CA93}.Release|Any CPU.Build.0 = Release|Any CPU
		{7D17B771-7647-4B27-B474-FB4C33BE820C}.Debug|Any CPU.ActiveCfg = Debug|Any CPU
		{7D17B771-7647-4B27-B474-FB4C33BE820C}.Debug|Any CPU.Build.0 = Debug|Any CPU
		{7D17B771-7647-4B27-B474-FB4C33BE820C}.Release|Any CPU.ActiveCfg = Release|Any CPU
		{7D17B771-7647-4B27-B474-FB4C33BE820C}.Release|Any CPU.Build.0 = Release|Any CPU
		{0B5F9617-0F7B-485B-9469-1427F926DE89}.Debug|Any CPU.ActiveCfg = Debug|Any CPU
		{0B5F9617-0F7B-485B-9469-1427F926DE89}.Debug|Any CPU.Build.0 = Debug|Any CPU
		{0B5F9617-0F7B-485B-9469-1427F926DE89}.Release|Any CPU.ActiveCfg = Release|Any CPU
		{0B5F9617-0F7B-485B-9469-1427F926DE89}.Release|Any CPU.Build.0 = Release|Any CPU
		{FA06A7BA-7935-47D2-AD34-ABAD596147B5}.Debug|Any CPU.ActiveCfg = Debug|Any CPU
		{FA06A7BA-7935-47D2-AD34-ABAD596147B5}.Debug|Any CPU.Build.0 = Debug|Any CPU
		{FA06A7BA-7935-47D2-AD34-ABAD596147B5}.Release|Any CPU.ActiveCfg = Release|Any CPU
		{FA06A7BA-7935-47D2-AD34-ABAD596147B5}.Release|Any CPU.Build.0 = Release|Any CPU
		{0C488D57-2557-4E5E-AF59-3D7C401D66D0}.Debug|Any CPU.ActiveCfg = Debug|Any CPU
		{0C488D57-2557-4E5E-AF59-3D7C401D66D0}.Debug|Any CPU.Build.0 = Debug|Any CPU
		{0C488D57-2557-4E5E-AF59-3D7C401D66D0}.Release|Any CPU.ActiveCfg = Release|Any CPU
		{0C488D57-2557-4E5E-AF59-3D7C401D66D0}.Release|Any CPU.Build.0 = Release|Any CPU
		{A9803392-7EFF-4C2F-8235-4621A1A49C8A}.Debug|Any CPU.ActiveCfg = Debug|Any CPU
		{A9803392-7EFF-4C2F-8235-4621A1A49C8A}.Debug|Any CPU.Build.0 = Debug|Any CPU
		{A9803392-7EFF-4C2F-8235-4621A1A49C8A}.Release|Any CPU.ActiveCfg = Release|Any CPU
		{A9803392-7EFF-4C2F-8235-4621A1A49C8A}.Release|Any CPU.Build.0 = Release|Any CPU
		{1A7FABCE-0A81-454F-8D19-7BD537862FC9}.Debug|Any CPU.ActiveCfg = Debug|Any CPU
		{1A7FABCE-0A81-454F-8D19-7BD537862FC9}.Debug|Any CPU.Build.0 = Debug|Any CPU
		{1A7FABCE-0A81-454F-8D19-7BD537862FC9}.Release|Any CPU.ActiveCfg = Release|Any CPU
		{1A7FABCE-0A81-454F-8D19-7BD537862FC9}.Release|Any CPU.Build.0 = Release|Any CPU
		{BEBC2554-98FA-4A07-8998-1AED55CDC851}.Debug|Any CPU.ActiveCfg = Debug|Any CPU
		{BEBC2554-98FA-4A07-8998-1AED55CDC851}.Debug|Any CPU.Build.0 = Debug|Any CPU
		{BEBC2554-98FA-4A07-8998-1AED55CDC851}.Release|Any CPU.ActiveCfg = Release|Any CPU
		{BEBC2554-98FA-4A07-8998-1AED55CDC851}.Release|Any CPU.Build.0 = Release|Any CPU
		{4CD6B414-6736-41B2-9DF7-D5A4EA2DFF77}.Debug|Any CPU.ActiveCfg = Debug|Any CPU
		{4CD6B414-6736-41B2-9DF7-D5A4EA2DFF77}.Debug|Any CPU.Build.0 = Debug|Any CPU
		{4CD6B414-6736-41B2-9DF7-D5A4EA2DFF77}.Release|Any CPU.ActiveCfg = Release|Any CPU
		{4CD6B414-6736-41B2-9DF7-D5A4EA2DFF77}.Release|Any CPU.Build.0 = Release|Any CPU
		{B4712FB4-4641-4487-8692-5AD187897BE9}.Debug|Any CPU.ActiveCfg = Debug|Any CPU
		{B4712FB4-4641-4487-8692-5AD187897BE9}.Debug|Any CPU.Build.0 = Debug|Any CPU
		{B4712FB4-4641-4487-8692-5AD187897BE9}.Release|Any CPU.ActiveCfg = Release|Any CPU
		{B4712FB4-4641-4487-8692-5AD187897BE9}.Release|Any CPU.Build.0 = Release|Any CPU
		{62BABA9E-8884-4ED2-86B5-4E2CF5D1F880}.Debug|Any CPU.ActiveCfg = Debug|Any CPU
		{62BABA9E-8884-4ED2-86B5-4E2CF5D1F880}.Debug|Any CPU.Build.0 = Debug|Any CPU
		{62BABA9E-8884-4ED2-86B5-4E2CF5D1F880}.Release|Any CPU.ActiveCfg = Release|Any CPU
		{62BABA9E-8884-4ED2-86B5-4E2CF5D1F880}.Release|Any CPU.Build.0 = Release|Any CPU
		{A3980264-E5F2-4B1C-BD5E-D57A6FBD65B4}.Debug|Any CPU.ActiveCfg = Debug|Any CPU
		{A3980264-E5F2-4B1C-BD5E-D57A6FBD65B4}.Debug|Any CPU.Build.0 = Debug|Any CPU
		{A3980264-E5F2-4B1C-BD5E-D57A6FBD65B4}.Release|Any CPU.ActiveCfg = Release|Any CPU
		{A3980264-E5F2-4B1C-BD5E-D57A6FBD65B4}.Release|Any CPU.Build.0 = Release|Any CPU
		{DCF93D7F-3003-455B-B79A-ED41075E8FFE}.Debug|Any CPU.ActiveCfg = Debug|Any CPU
		{DCF93D7F-3003-455B-B79A-ED41075E8FFE}.Debug|Any CPU.Build.0 = Debug|Any CPU
		{DCF93D7F-3003-455B-B79A-ED41075E8FFE}.Release|Any CPU.ActiveCfg = Release|Any CPU
		{DCF93D7F-3003-455B-B79A-ED41075E8FFE}.Release|Any CPU.Build.0 = Release|Any CPU
		{F131AD26-416A-4DEE-97FD-360868590A07}.Debug|Any CPU.ActiveCfg = Debug|Any CPU
		{F131AD26-416A-4DEE-97FD-360868590A07}.Debug|Any CPU.Build.0 = Debug|Any CPU
		{F131AD26-416A-4DEE-97FD-360868590A07}.Release|Any CPU.ActiveCfg = Release|Any CPU
		{F131AD26-416A-4DEE-97FD-360868590A07}.Release|Any CPU.Build.0 = Release|Any CPU
		{0D1A0303-DB0A-44C0-AAAF-DAA0CA6C9CFD}.Debug|Any CPU.ActiveCfg = Debug|Any CPU
		{0D1A0303-DB0A-44C0-AAAF-DAA0CA6C9CFD}.Debug|Any CPU.Build.0 = Debug|Any CPU
		{0D1A0303-DB0A-44C0-AAAF-DAA0CA6C9CFD}.Release|Any CPU.ActiveCfg = Release|Any CPU
		{0D1A0303-DB0A-44C0-AAAF-DAA0CA6C9CFD}.Release|Any CPU.Build.0 = Release|Any CPU
		{8F96E08C-7D82-41F1-BDCB-42E0FF382CDC}.Debug|Any CPU.ActiveCfg = Debug|Any CPU
		{8F96E08C-7D82-41F1-BDCB-42E0FF382CDC}.Debug|Any CPU.Build.0 = Debug|Any CPU
		{8F96E08C-7D82-41F1-BDCB-42E0FF382CDC}.Release|Any CPU.ActiveCfg = Release|Any CPU
		{8F96E08C-7D82-41F1-BDCB-42E0FF382CDC}.Release|Any CPU.Build.0 = Release|Any CPU
		{7BC11AFC-58E3-488D-8113-7F0F6103026F}.Debug|Any CPU.ActiveCfg = Debug|Any CPU
		{7BC11AFC-58E3-488D-8113-7F0F6103026F}.Debug|Any CPU.Build.0 = Debug|Any CPU
		{7BC11AFC-58E3-488D-8113-7F0F6103026F}.Release|Any CPU.ActiveCfg = Release|Any CPU
		{7BC11AFC-58E3-488D-8113-7F0F6103026F}.Release|Any CPU.Build.0 = Release|Any CPU
		{3D362CEF-C66F-4528-8FB4-6D9EFA337C7F}.Debug|Any CPU.ActiveCfg = Debug|Any CPU
		{3D362CEF-C66F-4528-8FB4-6D9EFA337C7F}.Debug|Any CPU.Build.0 = Debug|Any CPU
		{3D362CEF-C66F-4528-8FB4-6D9EFA337C7F}.Release|Any CPU.ActiveCfg = Release|Any CPU
		{3D362CEF-C66F-4528-8FB4-6D9EFA337C7F}.Release|Any CPU.Build.0 = Release|Any CPU
		{9959683B-A1B1-45AD-8689-565468897410}.Debug|Any CPU.ActiveCfg = Debug|Any CPU
		{9959683B-A1B1-45AD-8689-565468897410}.Debug|Any CPU.Build.0 = Debug|Any CPU
		{9959683B-A1B1-45AD-8689-565468897410}.Release|Any CPU.ActiveCfg = Release|Any CPU
		{9959683B-A1B1-45AD-8689-565468897410}.Release|Any CPU.Build.0 = Release|Any CPU
		{9A6C9548-DBA7-4E09-98C3-4CC91F234660}.Debug|Any CPU.ActiveCfg = Debug|Any CPU
		{9A6C9548-DBA7-4E09-98C3-4CC91F234660}.Debug|Any CPU.Build.0 = Debug|Any CPU
		{9A6C9548-DBA7-4E09-98C3-4CC91F234660}.Release|Any CPU.ActiveCfg = Release|Any CPU
		{9A6C9548-DBA7-4E09-98C3-4CC91F234660}.Release|Any CPU.Build.0 = Release|Any CPU
		{CB072554-955C-4645-996F-8617395BE148}.Debug|Any CPU.ActiveCfg = Debug|Any CPU
		{CB072554-955C-4645-996F-8617395BE148}.Debug|Any CPU.Build.0 = Debug|Any CPU
		{CB072554-955C-4645-996F-8617395BE148}.Release|Any CPU.ActiveCfg = Release|Any CPU
		{CB072554-955C-4645-996F-8617395BE148}.Release|Any CPU.Build.0 = Release|Any CPU
		{8CCD686E-51DB-4C9C-8902-F1255361B0EB}.Debug|Any CPU.ActiveCfg = Debug|Any CPU
		{8CCD686E-51DB-4C9C-8902-F1255361B0EB}.Debug|Any CPU.Build.0 = Debug|Any CPU
		{8CCD686E-51DB-4C9C-8902-F1255361B0EB}.Release|Any CPU.ActiveCfg = Release|Any CPU
		{8CCD686E-51DB-4C9C-8902-F1255361B0EB}.Release|Any CPU.Build.0 = Release|Any CPU
		{CAF1B8DE-1871-438D-B4FB-D03CCD6D400E}.Debug|Any CPU.ActiveCfg = Debug|Any CPU
		{CAF1B8DE-1871-438D-B4FB-D03CCD6D400E}.Debug|Any CPU.Build.0 = Debug|Any CPU
		{CAF1B8DE-1871-438D-B4FB-D03CCD6D400E}.Release|Any CPU.ActiveCfg = Release|Any CPU
		{CAF1B8DE-1871-438D-B4FB-D03CCD6D400E}.Release|Any CPU.Build.0 = Release|Any CPU
	EndGlobalSection
	GlobalSection(SolutionProperties) = preSolution
		HideSolutionNode = FALSE
	EndGlobalSection
	GlobalSection(NestedProjects) = preSolution
		{40E7D1B1-6B57-49E5-A36F-BC9725C08F02} = {B5FA501F-4D30-43DD-95F0-A28AB4E33D68}
		{ACD60DF8-46A3-43BC-BCE8-214A0333CA93} = {B5FA501F-4D30-43DD-95F0-A28AB4E33D68}
		{7D17B771-7647-4B27-B474-FB4C33BE820C} = {B5FA501F-4D30-43DD-95F0-A28AB4E33D68}
		{0B5F9617-0F7B-485B-9469-1427F926DE89} = {B19EFEE3-D9AE-4CC7-BF46-23EFBFF7E877}
		{FA06A7BA-7935-47D2-AD34-ABAD596147B5} = {B19EFEE3-D9AE-4CC7-BF46-23EFBFF7E877}
		{0C488D57-2557-4E5E-AF59-3D7C401D66D0} = {B19EFEE3-D9AE-4CC7-BF46-23EFBFF7E877}
		{A9803392-7EFF-4C2F-8235-4621A1A49C8A} = {3C77B70D-3AE4-4B7E-AA4C-CDA9E7A45F60}
		{1A7FABCE-0A81-454F-8D19-7BD537862FC9} = {3C77B70D-3AE4-4B7E-AA4C-CDA9E7A45F60}
		{BEBC2554-98FA-4A07-8998-1AED55CDC851} = {3C77B70D-3AE4-4B7E-AA4C-CDA9E7A45F60}
		{4CD6B414-6736-41B2-9DF7-D5A4EA2DFF77} = {43276FED-1B53-4B36-91CA-396957597F64}
		{B4712FB4-4641-4487-8692-5AD187897BE9} = {43276FED-1B53-4B36-91CA-396957597F64}
		{62BABA9E-8884-4ED2-86B5-4E2CF5D1F880} = {43276FED-1B53-4B36-91CA-396957597F64}
		{A3980264-E5F2-4B1C-BD5E-D57A6FBD65B4} = {626351CC-A641-48C8-AB77-BCC9DEA0A51A}
		{DCF93D7F-3003-455B-B79A-ED41075E8FFE} = {626351CC-A641-48C8-AB77-BCC9DEA0A51A}
		{F131AD26-416A-4DEE-97FD-360868590A07} = {626351CC-A641-48C8-AB77-BCC9DEA0A51A}
		{0D1A0303-DB0A-44C0-AAAF-DAA0CA6C9CFD} = {52BCA46F-41A4-446C-94CF-197AF6A2D03E}
		{8F96E08C-7D82-41F1-BDCB-42E0FF382CDC} = {52BCA46F-41A4-446C-94CF-197AF6A2D03E}
		{7BC11AFC-58E3-488D-8113-7F0F6103026F} = {52BCA46F-41A4-446C-94CF-197AF6A2D03E}
		{3D362CEF-C66F-4528-8FB4-6D9EFA337C7F} = {5F635FCD-3262-4070-9E2E-A5B408B44A7E}
		{9959683B-A1B1-45AD-8689-565468897410} = {5F635FCD-3262-4070-9E2E-A5B408B44A7E}
		{9A6C9548-DBA7-4E09-98C3-4CC91F234660} = {5F635FCD-3262-4070-9E2E-A5B408B44A7E}
		{CB072554-955C-4645-996F-8617395BE148} = {9753A77D-5162-4D72-9D88-08F34DA7984D}
		{8CCD686E-51DB-4C9C-8902-F1255361B0EB} = {9753A77D-5162-4D72-9D88-08F34DA7984D}
		{CAF1B8DE-1871-438D-B4FB-D03CCD6D400E} = {9753A77D-5162-4D72-9D88-08F34DA7984D}
	EndGlobalSection
	GlobalSection(ExtensibilityGlobals) = postSolution
		SolutionGuid = {F34F74D0-88B5-4076-8C60-03D45823272C}
	EndGlobalSection
EndGlobal
